
Microsoft Visual Studio Solution File, Format Version 12.00
# Visual Studio 2012
Project("{FAE04EC0-301F-11D3-BF4B-00C04F79EFBC}") = "ThrFrd.GameTrans.Admin.Biz", "ThrFrd.GameTrans.Admin.Biz.csproj", "{C041D678-10C5-4D5E-8EFD-4EC6AB9F58F1}"
EndProject
Global
	GlobalSection(SolutionConfigurationPlatforms) = preSolution
		Debug|Any CPU = Debug|Any CPU
		Release|Any CPU = Release|Any CPU
	EndGlobalSection
	GlobalSection(ProjectConfigurationPlatforms) = postSolution
		{C041D678-10C5-4D5E-8EFD-4EC6AB9F58F1}.Debug|Any CPU.ActiveCfg = Debug|Any CPU
		{C041D678-10C5-4D5E-8EFD-4EC6AB9F58F1}.Debug|Any CPU.Build.0 = Debug|Any CPU
		{C041D678-10C5-4D5E-8EFD-4EC6AB9F58F1}.Release|Any CPU.ActiveCfg = Release|Any CPU
		{C041D678-10C5-4D5E-8EFD-4EC6AB9F58F1}.Release|Any CPU.Build.0 = Release|Any CPU
	EndGlobalSection
	GlobalSection(SolutionProperties) = preSolution
		HideSolutionNode = FALSE
	EndGlobalSection
EndGlobal
